
Microsoft Visual Studio Solution File, Format Version 12.00
# Visual Studio Version 16
VisualStudioVersion = 16.0.30309.148
MinimumVisualStudioVersion = 10.0.40219.1
Project("{9A19103F-16F7-4668-BE54-9A1E7A4F7556}") = "Books", "Books\Books.csproj", "{B1CCD539-43F9-43D5-A902-F7D8191A45AA}"
EndProject
Project("{9A19103F-16F7-4668-BE54-9A1E7A4F7556}") = "Domain", "Domain\Domain.csproj", "{B9917BDC-C38D-4BB4-89DF-9A7142D0F08C}"
EndProject
Project("{9A19103F-16F7-4668-BE54-9A1E7A4F7556}") = "Infrastructure", "Infrastructure\Infrastructure.csproj", "{743B0639-3D4E-4EFB-8451-D18098872222}"
EndProject
Project("{9A19103F-16F7-4668-BE54-9A1E7A4F7556}") = "Service", "Service\Service.csproj", "{6F099C75-A1E5-4407-BE55-30C7CEC51E7B}"
EndProject
Project("{FAE04EC0-301F-11D3-BF4B-00C04F79EFBC}") = "Contract", "Contract\Contract.csproj", "{6BFA76F4-F80E-4C4D-8CCA-D67962E55695}"
EndProject
Global
	GlobalSection(SolutionConfigurationPlatforms) = preSolution
		Debug|Any CPU = Debug|Any CPU
		Release|Any CPU = Release|Any CPU
	EndGlobalSection
	GlobalSection(ProjectConfigurationPlatforms) = postSolution
		{B1CCD539-43F9-43D5-A902-F7D8191A45AA}.Debug|Any CPU.ActiveCfg = Debug|Any CPU
		{B1CCD539-43F9-43D5-A902-F7D8191A45AA}.Debug|Any CPU.Build.0 = Debug|Any CPU
		{B1CCD539-43F9-43D5-A902-F7D8191A45AA}.Release|Any CPU.ActiveCfg = Release|Any CPU
		{B1CCD539-43F9-43D5-A902-F7D8191A45AA}.Release|Any CPU.Build.0 = Release|Any CPU
		{B9917BDC-C38D-4BB4-89DF-9A7142D0F08C}.Debug|Any CPU.ActiveCfg = Debug|Any CPU
		{B9917BDC-C38D-4BB4-89DF-9A7142D0F08C}.Debug|Any CPU.Build.0 = Debug|Any CPU
		{B9917BDC-C38D-4BB4-89DF-9A7142D0F08C}.Release|Any CPU.ActiveCfg = Release|Any CPU
		{B9917BDC-C38D-4BB4-89DF-9A7142D0F08C}.Release|Any CPU.Build.0 = Release|Any CPU
		{743B0639-3D4E-4EFB-8451-D18098872222}.Debug|Any CPU.ActiveCfg = Debug|Any CPU
		{743B0639-3D4E-4EFB-8451-D18098872222}.Debug|Any CPU.Build.0 = Debug|Any CPU
		{743B0639-3D4E-4EFB-8451-D18098872222}.Release|Any CPU.ActiveCfg = Release|Any CPU
		{743B0639-3D4E-4EFB-8451-D18098872222}.Release|Any CPU.Build.0 = Release|Any CPU
		{6F099C75-A1E5-4407-BE55-30C7CEC51E7B}.Debug|Any CPU.ActiveCfg = Debug|Any CPU
		{6F099C75-A1E5-4407-BE55-30C7CEC51E7B}.Debug|Any CPU.Build.0 = Debug|Any CPU
		{6F099C75-A1E5-4407-BE55-30C7CEC51E7B}.Release|Any CPU.ActiveCfg = Release|Any CPU
		{6F099C75-A1E5-4407-BE55-30C7CEC51E7B}.Release|Any CPU.Build.0 = Release|Any CPU
		{6BFA76F4-F80E-4C4D-8CCA-D67962E55695}.Debug|Any CPU.ActiveCfg = Debug|Any CPU
		{6BFA76F4-F80E-4C4D-8CCA-D67962E55695}.Debug|Any CPU.Build.0 = Debug|Any CPU
		{6BFA76F4-F80E-4C4D-8CCA-D67962E55695}.Release|Any CPU.ActiveCfg = Release|Any CPU
		{6BFA76F4-F80E-4C4D-8CCA-D67962E55695}.Release|Any CPU.Build.0 = Release|Any CPU
	EndGlobalSection
	GlobalSection(SolutionProperties) = preSolution
		HideSolutionNode = FALSE
	EndGlobalSection
	GlobalSection(ExtensibilityGlobals) = postSolution
		SolutionGuid = {1A829D6B-7B0A-45BA-8A23-2445721FFD3F}
	EndGlobalSection
EndGlobal
